
Microsoft Visual Studio Solution File, Format Version 11.00
# Visual Studio 2010
Project("{2150E333-8FDC-42A3-9474-1A3956D46DE8}") = "Framework", "Framework", "{EAF3C725-B00F-482F-B409-6A7B8D315035}"
EndProject
Project("{2150E333-8FDC-42A3-9474-1A3956D46DE8}") = "Runner - Console", "Runner - Console", "{EA2A8D3D-4179-4ED5-8869-CCC79D098305}"
EndProject
Project("{2150E333-8FDC-42A3-9474-1A3956D46DE8}") = "Runner - Resharper", "Runner - Resharper", "{7219DF81-65B2-4023-A867-917880091B04}"
EndProject
Project("{FAE04EC0-301F-11D3-BF4B-00C04F79EFBC}") = "Simple.Testing.Framework", "Simple.Testing.Framework\Simple.Testing.Framework.csproj", "{A6E67E2A-2A26-4016-BE26-D6F3141729D9}"
EndProject
Project("{FAE04EC0-301F-11D3-BF4B-00C04F79EFBC}") = "Simple.Testing.Console", "Simple.Testing.Console\Simple.Testing.Console.csproj", "{415B71AE-58D4-4DC3-AD50-6E816DB647A2}"
EndProject
Project("{FAE04EC0-301F-11D3-BF4B-00C04F79EFBC}") = "Test.Simple.Testing.Framework", "Test.Simple.Testing.Framework\Test.Simple.Testing.Framework.csproj", "{25DA7F29-6653-40AA-BB99-35D4BDB840B0}"
EndProject
Project("{FAE04EC0-301F-11D3-BF4B-00C04F79EFBC}") = "Simple.Testing.Resharper-6.1", "Simple.Testing.Resharper-6.1\Simple.Testing.Resharper-6.1.csproj", "{2D49BECC-B7D5-4DC4-B33E-802473DC7069}"
EndProject
Global
	GlobalSection(SolutionConfigurationPlatforms) = preSolution
		Debug|Any CPU = Debug|Any CPU
		Debug|Mixed Platforms = Debug|Mixed Platforms
		Debug|x86 = Debug|x86
		Release|Any CPU = Release|Any CPU
		Release|Mixed Platforms = Release|Mixed Platforms
		Release|x86 = Release|x86
	EndGlobalSection
	GlobalSection(ProjectConfigurationPlatforms) = postSolution
		{A6E67E2A-2A26-4016-BE26-D6F3141729D9}.Debug|Any CPU.ActiveCfg = Debug|Any CPU
		{A6E67E2A-2A26-4016-BE26-D6F3141729D9}.Debug|Any CPU.Build.0 = Debug|Any CPU
		{A6E67E2A-2A26-4016-BE26-D6F3141729D9}.Debug|Mixed Platforms.ActiveCfg = Debug|Any CPU
		{A6E67E2A-2A26-4016-BE26-D6F3141729D9}.Debug|Mixed Platforms.Build.0 = Debug|Any CPU
		{A6E67E2A-2A26-4016-BE26-D6F3141729D9}.Debug|x86.ActiveCfg = Debug|Any CPU
		{A6E67E2A-2A26-4016-BE26-D6F3141729D9}.Release|Any CPU.ActiveCfg = Release|Any CPU
		{A6E67E2A-2A26-4016-BE26-D6F3141729D9}.Release|Any CPU.Build.0 = Release|Any CPU
		{A6E67E2A-2A26-4016-BE26-D6F3141729D9}.Release|Mixed Platforms.ActiveCfg = Release|Any CPU
		{A6E67E2A-2A26-4016-BE26-D6F3141729D9}.Release|Mixed Platforms.Build.0 = Release|Any CPU
		{A6E67E2A-2A26-4016-BE26-D6F3141729D9}.Release|x86.ActiveCfg = Release|Any CPU
		{415B71AE-58D4-4DC3-AD50-6E816DB647A2}.Debug|Any CPU.ActiveCfg = Debug|x86
		{415B71AE-58D4-4DC3-AD50-6E816DB647A2}.Debug|Mixed Platforms.ActiveCfg = Debug|x86
		{415B71AE-58D4-4DC3-AD50-6E816DB647A2}.Debug|Mixed Platforms.Build.0 = Debug|x86
		{415B71AE-58D4-4DC3-AD50-6E816DB647A2}.Debug|x86.ActiveCfg = Debug|x86
		{415B71AE-58D4-4DC3-AD50-6E816DB647A2}.Debug|x86.Build.0 = Debug|x86
		{415B71AE-58D4-4DC3-AD50-6E816DB647A2}.Release|Any CPU.ActiveCfg = Release|x86
		{415B71AE-58D4-4DC3-AD50-6E816DB647A2}.Release|Mixed Platforms.ActiveCfg = Release|x86
		{415B71AE-58D4-4DC3-AD50-6E816DB647A2}.Release|Mixed Platforms.Build.0 = Release|x86
		{415B71AE-58D4-4DC3-AD50-6E816DB647A2}.Release|x86.ActiveCfg = Release|x86
		{415B71AE-58D4-4DC3-AD50-6E816DB647A2}.Release|x86.Build.0 = Release|x86
		{25DA7F29-6653-40AA-BB99-35D4BDB840B0}.Debug|Any CPU.ActiveCfg = Debug|Any CPU
		{25DA7F29-6653-40AA-BB99-35D4BDB840B0}.Debug|Any CPU.Build.0 = Debug|Any CPU
		{25DA7F29-6653-40AA-BB99-35D4BDB840B0}.Debug|Mixed Platforms.ActiveCfg = Debug|Any CPU
		{25DA7F29-6653-40AA-BB99-35D4BDB840B0}.Debug|Mixed Platforms.Build.0 = Debug|Any CPU
		{25DA7F29-6653-40AA-BB99-35D4BDB840B0}.Debug|x86.ActiveCfg = Debug|Any CPU
		{25DA7F29-6653-40AA-BB99-35D4BDB840B0}.Release|Any CPU.ActiveCfg = Release|Any CPU
		{25DA7F29-6653-40AA-BB99-35D4BDB840B0}.Release|Any CPU.Build.0 = Release|Any CPU
		{25DA7F29-6653-40AA-BB99-35D4BDB840B0}.Release|Mixed Platforms.ActiveCfg = Release|Any CPU
		{25DA7F29-6653-40AA-BB99-35D4BDB840B0}.Release|Mixed Platforms.Build.0 = Release|Any CPU
		{25DA7F29-6653-40AA-BB99-35D4BDB840B0}.Release|x86.ActiveCfg = Release|Any CPU
		{2D49BECC-B7D5-4DC4-B33E-802473DC7069}.Debug|Any CPU.ActiveCfg = Debug|Any CPU
		{2D49BECC-B7D5-4DC4-B33E-802473DC7069}.Debug|Any CPU.Build.0 = Debug|Any CPU
		{2D49BECC-B7D5-4DC4-B33E-802473DC7069}.Debug|Mixed Platforms.ActiveCfg = Debug|Any CPU
		{2D49BECC-B7D5-4DC4-B33E-802473DC7069}.Debug|Mixed Platforms.Build.0 = Debug|Any CPU
		{2D49BECC-B7D5-4DC4-B33E-802473DC7069}.Debug|x86.ActiveCfg = Debug|Any CPU
		{2D49BECC-B7D5-4DC4-B33E-802473DC7069}.Release|Any CPU.ActiveCfg = Release|Any CPU
		{2D49BECC-B7D5-4DC4-B33E-802473DC7069}.Release|Any CPU.Build.0 = Release|Any CPU
		{2D49BECC-B7D5-4DC4-B33E-802473DC7069}.Release|Mixed Platforms.ActiveCfg = Release|Any CPU
		{2D49BECC-B7D5-4DC4-B33E-802473DC7069}.Release|Mixed Platforms.Build.0 = Release|Any CPU
		{2D49BECC-B7D5-4DC4-B33E-802473DC7069}.Release|x86.ActiveCfg = Release|Any CPU
	EndGlobalSection
	GlobalSection(SolutionProperties) = preSolution
		HideSolutionNode = FALSE
	EndGlobalSection
	GlobalSection(NestedProjects) = preSolution
		{A6E67E2A-2A26-4016-BE26-D6F3141729D9} = {EAF3C725-B00F-482F-B409-6A7B8D315035}
		{25DA7F29-6653-40AA-BB99-35D4BDB840B0} = {EAF3C725-B00F-482F-B409-6A7B8D315035}
		{415B71AE-58D4-4DC3-AD50-6E816DB647A2} = {EA2A8D3D-4179-4ED5-8869-CCC79D098305}
		{2D49BECC-B7D5-4DC4-B33E-802473DC7069} = {7219DF81-65B2-4023-A867-917880091B04}
		{2D49BECC-B7D5-4DC4-B33E-802473DC7069} = {7219DF81-65B2-4023-A867-917880091B04}
	EndGlobalSection
EndGlobal
